
Microsoft Visual Studio Solution File, Format Version 12.00
# Visual Studio Version 16
VisualStudioVersion = 25.0.1704.2
MinimumVisualStudioVersion = 10.0.40219.1
Project("{FAE04EC0-301F-11D3-BF4B-00C04F79EFBC}") = "member", "member.csproj", "{50064332-2BE9-4C00-AFC6-06C9FE3CD01D}"
EndProject
Global
	GlobalSection(SolutionConfigurationPlatforms) = preSolution
		Debug|Any CPU = Debug|Any CPU
		Release|Any CPU = Release|Any CPU
	EndGlobalSection
	GlobalSection(ProjectConfigurationPlatforms) = postSolution
		{50064332-2BE9-4C00-AFC6-06C9FE3CD01D}.Debug|Any CPU.ActiveCfg = Debug|Any CPU
		{50064332-2BE9-4C00-AFC6-06C9FE3CD01D}.Debug|Any CPU.Build.0 = Debug|Any CPU
		{50064332-2BE9-4C00-AFC6-06C9FE3CD01D}.Release|Any CPU.ActiveCfg = Release|Any CPU
		{50064332-2BE9-4C00-AFC6-06C9FE3CD01D}.Release|Any CPU.Build.0 = Release|Any CPU
	EndGlobalSection
	GlobalSection(SolutionProperties) = preSolution
		HideSolutionNode = FALSE
	EndGlobalSection
	GlobalSection(ExtensibilityGlobals) = postSolution
		SolutionGuid = {C253748B-A8EB-4285-AC72-3422DF0152DB}
	EndGlobalSection
EndGlobal
